{
  "name": "node_example",
  "version": "1.0.0",
  "lockfileVersion": 1,
  "requires": true,
  "dependencies": {
    "platformsh-config": {
      "version": "2.2.4",
      "resolved": "https://registry.npmjs.org/platformsh-config/-/platformsh-config-2.2.4.tgz",
      "integrity": "sha512-zRqpyTNN4NKTrHUyb12RnYLK+VP+c0FcokVxGL/51KmQ32zMfSot/rmQFZn/AV7TrcvaOEL8F5DYuHEC3TFaEw=="
    }
  }
}
